
Microsoft Visual Studio Solution File, Format Version 12.00
# Visual Studio Version 17
VisualStudioVersion = 17.10.34928.147
MinimumVisualStudioVersion = 10.0.40219.1
Project("{FAE04EC0-301F-11D3-BF4B-00C04F79EFBC}") = "Zadanie6Decorator", "Zadanie6Decorator\Zadanie6Decorator.csproj", "{4BA7B3C1-E861-4AC2-BAD0-D1CBE51263A3}"
EndProject
Global
	GlobalSection(SolutionConfigurationPlatforms) = preSolution
		Debug|Any CPU = Debug|Any CPU
		Release|Any CPU = Release|Any CPU
	EndGlobalSection
	GlobalSection(ProjectConfigurationPlatforms) = postSolution
		{4BA7B3C1-E861-4AC2-BAD0-D1CBE51263A3}.Debug|Any CPU.ActiveCfg = Debug|Any CPU
		{4BA7B3C1-E861-4AC2-BAD0-D1CBE51263A3}.Debug|Any CPU.Build.0 = Debug|Any CPU
		{4BA7B3C1-E861-4AC2-BAD0-D1CBE51263A3}.Release|Any CPU.ActiveCfg = Release|Any CPU
		{4BA7B3C1-E861-4AC2-BAD0-D1CBE51263A3}.Release|Any CPU.Build.0 = Release|Any CPU
	EndGlobalSection
	GlobalSection(SolutionProperties) = preSolution
		HideSolutionNode = FALSE
	EndGlobalSection
	GlobalSection(ExtensibilityGlobals) = postSolution
		SolutionGuid = {9AB198D3-B921-461A-A465-C59A66F7E623}
	EndGlobalSection
EndGlobal
